// !$*UTF8*$!
{
	archiveVersion = 1;
	classes = {
	};
	objectVersion = 56;
	objects = {

/* Begin PBXBuildFile section */
		8F0000010000000000000001 /* FocusFrogNativeApp.swift in Sources */ = {isa = PBXBuildFile; fileRef = 8F0000010000000000000101 /* FocusFrogNativeApp.swift */; };
		8F0000010000000000000002 /* ContentView.swift in Sources */ = {isa = PBXBuildFile; fileRef = 8F0000010000000000000102 /* ContentView.swift */; };
		8F0000010000000000000003 /* FocusFrogWidget.swift in Sources */ = {isa = PBXBuildFile; fileRef = 8F0000010000000000000105 /* FocusFrogWidget.swift */; };
		8F0000010000000000000004 /* FocusFrogWidgetExtension.appex in Embed App Extensions */ = {isa = PBXBuildFile; fileRef = 8F0000010000000000000108 /* FocusFrogWidgetExtension.appex */; settings = {ATTRIBUTES = (RemoveHeadersOnCopy, ); }; };
/* End PBXBuildFile section */

/* Begin PBXContainerItemProxy section */
		8F0000010000000000000005 /* PBXContainerItemProxy */ = {
			isa = PBXContainerItemProxy;
			containerPortal = 8F0000010000000000000100 /* Project object */;
			proxyType = 1;
			remoteGlobalIDString = 8F0000010000000000000302;
			remoteInfo = FocusFrogWidgetExtension;
		};
/* End PBXContainerItemProxy section */

/* Begin PBXCopyFilesBuildPhase section */
		8F0000010000000000000203 /* Embed App Extensions */ = {
			isa = PBXCopyFilesBuildPhase;
			buildActionMask = 2147483647;
			dstPath = "";
			dstSubfolderSpec = 13;
			files = (
				8F0000010000000000000004 /* FocusFrogWidgetExtension.appex in Embed App Extensions */,
			);
			name = "Embed App Extensions";
			runOnlyForDeploymentPostprocessing = 0;
		};
/* End PBXCopyFilesBuildPhase section */

/* Begin PBXFileReference section */
		8F0000010000000000000101 /* FocusFrogNativeApp.swift */ = {isa = PBXFileReference; lastKnownFileType = sourcecode.swift; path = FocusFrogNativeApp.swift; sourceTree = "<group>"; };
		8F0000010000000000000102 /* ContentView.swift */ = {isa = PBXFileReference; lastKnownFileType = sourcecode.swift; path = ContentView.swift; sourceTree = "<group>"; };
		8F0000010000000000000103 /* Info.plist */ = {isa = PBXFileReference; lastKnownFileType = text.plist.xml; path = Info.plist; sourceTree = "<group>"; };
		8F0000010000000000000104 /* FocusFrogNative.entitlements */ = {isa = PBXFileReference; lastKnownFileType = text.plist.entitlements; path = FocusFrogNative.entitlements; sourceTree = "<group>"; };
		8F0000010000000000000105 /* FocusFrogWidget.swift */ = {isa = PBXFileReference; lastKnownFileType = sourcecode.swift; path = FocusFrogWidget.swift; sourceTree = "<group>"; };
		8F0000010000000000000106 /* Info.plist */ = {isa = PBXFileReference; lastKnownFileType = text.plist.xml; path = Info.plist; sourceTree = "<group>"; };
		8F0000010000000000000107 /* FocusFrogWidget.entitlements */ = {isa = PBXFileReference; lastKnownFileType = text.plist.entitlements; path = FocusFrogWidget.entitlements; sourceTree = "<group>"; };
		8F0000010000000000000108 /* FocusFrogWidgetExtension.appex */ = {isa = PBXFileReference; explicitFileType = "wrapper.app-extension"; includeInIndex = 0; path = FocusFrogWidgetExtension.appex; sourceTree = BUILT_PRODUCTS_DIR; };
		8F0000010000000000000109 /* FocusFrogNative.app */ = {isa = PBXFileReference; explicitFileType = wrapper.application; includeInIndex = 0; path = FocusFrogNative.app; sourceTree = BUILT_PRODUCTS_DIR; };
/* End PBXFileReference section */

/* Begin PBXFrameworksBuildPhase section */
		8F0000010000000000000202 /* Frameworks */ = {
			isa = PBXFrameworksBuildPhase;
			buildActionMask = 2147483647;
			files = (
			);
			runOnlyForDeploymentPostprocessing = 0;
		};
		8F0000010000000000000206 /* Frameworks */ = {
			isa = PBXFrameworksBuildPhase;
			buildActionMask = 2147483647;
			files = (
			);
			runOnlyForDeploymentPostprocessing = 0;
		};
/* End PBXFrameworksBuildPhase section */

/* Begin PBXGroup section */
		8F0000010000000000000110 = {
			isa = PBXGroup;
			children = (
				8F0000010000000000000111 /* FocusFrogNative */,
				8F0000010000000000000112 /* FocusFrogWidget */,
				8F0000010000000000000113 /* Products */,
			);
			sourceTree = "<group>";
		};
		8F0000010000000000000111 /* FocusFrogNative */ = {
			isa = PBXGroup;
			children = (
				8F0000010000000000000101 /* FocusFrogNativeApp.swift */,
				8F0000010000000000000102 /* ContentView.swift */,
				8F0000010000000000000103 /* Info.plist */,
				8F0000010000000000000104 /* FocusFrogNative.entitlements */,
			);
			path = FocusFrogNative;
			sourceTree = "<group>";
		};
		8F0000010000000000000112 /* FocusFrogWidget */ = {
			isa = PBXGroup;
			children = (
				8F0000010000000000000105 /* FocusFrogWidget.swift */,
				8F0000010000000000000106 /* Info.plist */,
				8F0000010000000000000107 /* FocusFrogWidget.entitlements */,
			);
			path = FocusFrogWidget;
			sourceTree = "<group>";
		};
		8F0000010000000000000113 /* Products */ = {
			isa = PBXGroup;
			children = (
				8F0000010000000000000109 /* FocusFrogNative.app */,
				8F0000010000000000000108 /* FocusFrogWidgetExtension.appex */,
			);
			name = Products;
			sourceTree = "<group>";
		};
/* End PBXGroup section */

/* Begin PBXNativeTarget section */
		8F0000010000000000000301 /* FocusFrogNative */ = {
			isa = PBXNativeTarget;
			buildConfigurationList = 8F0000010000000000000501 /* Build configuration list for PBXNativeTarget "FocusFrogNative" */;
			buildPhases = (
				8F0000010000000000000201 /* Sources */,
				8F0000010000000000000202 /* Frameworks */,
				8F0000010000000000000203 /* Embed App Extensions */,
			);
			buildRules = (
			);
			dependencies = (
				8F0000010000000000000006 /* PBXTargetDependency */,
			);
			name = FocusFrogNative;
			productName = FocusFrogNative;
			productReference = 8F0000010000000000000109 /* FocusFrogNative.app */;
			productType = "com.apple.product-type.application";
		};
		8F0000010000000000000302 /* FocusFrogWidgetExtension */ = {
			isa = PBXNativeTarget;
			buildConfigurationList = 8F0000010000000000000502 /* Build configuration list for PBXNativeTarget "FocusFrogWidgetExtension" */;
			buildPhases = (
				8F0000010000000000000205 /* Sources */,
				8F0000010000000000000206 /* Frameworks */,
			);
			buildRules = (
			);
			dependencies = (
			);
			name = FocusFrogWidgetExtension;
			productName = FocusFrogWidgetExtension;
			productReference = 8F0000010000000000000108 /* FocusFrogWidgetExtension.appex */;
			productType = "com.apple.product-type.app-extension";
		};
/* End PBXNativeTarget section */

/* Begin PBXProject section */
		8F0000010000000000000100 /* Project object */ = {
			isa = PBXProject;
			attributes = {
				BuildIndependentTargetsInParallel = 1;
				LastSwiftUpdateCheck = 1600;
				LastUpgradeCheck = 1600;
				TargetAttributes = {
					8F0000010000000000000301 = {
						CreatedOnToolsVersion = 16.0;
					};
					8F0000010000000000000302 = {
						CreatedOnToolsVersion = 16.0;
					};
				};
			};
			buildConfigurationList = 8F0000010000000000000500 /* Build configuration list for PBXProject "FocusFrogNative" */;
			compatibilityVersion = "Xcode 14.0";
			developmentRegion = en;
			hasScannedForEncodings = 0;
			knownRegions = (
				en,
				Base,
			);
			mainGroup = 8F0000010000000000000110;
			productRefGroup = 8F0000010000000000000113 /* Products */;
			projectDirPath = "";
			projectRoot = "";
			targets = (
				8F0000010000000000000301 /* FocusFrogNative */,
				8F0000010000000000000302 /* FocusFrogWidgetExtension */,
			);
		};
/* End PBXProject section */

/* Begin PBXSourcesBuildPhase section */
		8F0000010000000000000201 /* Sources */ = {
			isa = PBXSourcesBuildPhase;
			buildActionMask = 2147483647;
			files = (
				8F0000010000000000000001 /* FocusFrogNativeApp.swift in Sources */,
				8F0000010000000000000002 /* ContentView.swift in Sources */,
			);
			runOnlyForDeploymentPostprocessing = 0;
		};
		8F0000010000000000000205 /* Sources */ = {
			isa = PBXSourcesBuildPhase;
			buildActionMask = 2147483647;
			files = (
				8F0000010000000000000003 /* FocusFrogWidget.swift in Sources */,
			);
			runOnlyForDeploymentPostprocessing = 0;
		};
/* End PBXSourcesBuildPhase section */

/* Begin PBXTargetDependency section */
		8F0000010000000000000006 /* PBXTargetDependency */ = {
			isa = PBXTargetDependency;
			target = 8F0000010000000000000302 /* FocusFrogWidgetExtension */;
			targetProxy = 8F0000010000000000000005 /* PBXContainerItemProxy */;
		};
/* End PBXTargetDependency section */

/* Begin XCBuildConfiguration section */
		8F0000010000000000000401 /* Debug */ = {
			isa = XCBuildConfiguration;
			buildSettings = {
				ALWAYS_SEARCH_USER_PATHS = NO;
				CLANG_ENABLE_MODULES = YES;
				CLANG_ENABLE_OBJC_ARC = YES;
				COPY_PHASE_STRIP = NO;
				DEBUG_INFORMATION_FORMAT = dwarf;
				ENABLE_STRICT_OBJC_MSGSEND = YES;
				ENABLE_TESTABILITY = YES;
				GCC_DYNAMIC_NO_PIC = NO;
				GCC_NO_COMMON_BLOCKS = YES;
				GCC_OPTIMIZATION_LEVEL = 0;
				MACOSX_DEPLOYMENT_TARGET = 14.0;
				ONLY_ACTIVE_ARCH = YES;
				SDKROOT = macosx;
				SWIFT_ACTIVE_COMPILATION_CONDITIONS = DEBUG;
				SWIFT_VERSION = 5.0;
			};
			name = Debug;
		};
		8F0000010000000000000402 /* Release */ = {
			isa = XCBuildConfiguration;
			buildSettings = {
				ALWAYS_SEARCH_USER_PATHS = NO;
				CLANG_ENABLE_MODULES = YES;
				CLANG_ENABLE_OBJC_ARC = YES;
				COPY_PHASE_STRIP = NO;
				DEBUG_INFORMATION_FORMAT = "dwarf-with-dsym";
				ENABLE_NS_ASSERTIONS = NO;
				ENABLE_STRICT_OBJC_MSGSEND = YES;
				GCC_NO_COMMON_BLOCKS = YES;
				MACOSX_DEPLOYMENT_TARGET = 14.0;
				SDKROOT = macosx;
				SWIFT_COMPILATION_MODE = wholemodule;
				SWIFT_VERSION = 5.0;
			};
			name = Release;
		};
		8F0000010000000000000403 /* Debug */ = {
			isa = XCBuildConfiguration;
			buildSettings = {
				ASSETCATALOG_COMPILER_GLOBAL_ACCENT_COLOR_NAME = AccentColor;
				CODE_SIGN_ENTITLEMENTS = FocusFrogNative/FocusFrogNative.entitlements;
				CODE_SIGN_STYLE = Automatic;
				COMBINE_HIDPI_IMAGES = YES;
				DEVELOPMENT_TEAM = "";
				ENABLE_HARDENED_RUNTIME = YES;
				GENERATE_INFOPLIST_FILE = NO;
				INFOPLIST_FILE = FocusFrogNative/Info.plist;
				LD_RUNPATH_SEARCH_PATHS = (
					"$(inherited)",
					"@executable_path/../Frameworks",
					"@executable_path/../PlugIns",
				);
				MACOSX_DEPLOYMENT_TARGET = 14.0;
				PRODUCT_BUNDLE_IDENTIFIER = dev.focusfrog.native;
				PRODUCT_NAME = FocusFrogNative;
				SWIFT_EMIT_LOC_STRINGS = YES;
				SWIFT_VERSION = 5.0;
			};
			name = Debug;
		};
		8F0000010000000000000404 /* Release */ = {
			isa = XCBuildConfiguration;
			buildSettings = {
				ASSETCATALOG_COMPILER_GLOBAL_ACCENT_COLOR_NAME = AccentColor;
				CODE_SIGN_ENTITLEMENTS = FocusFrogNative/FocusFrogNative.entitlements;
				CODE_SIGN_STYLE = Automatic;
				COMBINE_HIDPI_IMAGES = YES;
				DEVELOPMENT_TEAM = "";
				ENABLE_HARDENED_RUNTIME = YES;
				GENERATE_INFOPLIST_FILE = NO;
				INFOPLIST_FILE = FocusFrogNative/Info.plist;
				LD_RUNPATH_SEARCH_PATHS = (
					"$(inherited)",
					"@executable_path/../Frameworks",
					"@executable_path/../PlugIns",
				);
				MACOSX_DEPLOYMENT_TARGET = 14.0;
				PRODUCT_BUNDLE_IDENTIFIER = dev.focusfrog.native;
				PRODUCT_NAME = FocusFrogNative;
				SWIFT_EMIT_LOC_STRINGS = YES;
				SWIFT_VERSION = 5.0;
			};
			name = Release;
		};
		8F0000010000000000000405 /* Debug */ = {
			isa = XCBuildConfiguration;
			buildSettings = {
				CODE_SIGN_ENTITLEMENTS = FocusFrogWidget/FocusFrogWidget.entitlements;
				CODE_SIGN_STYLE = Automatic;
				DEVELOPMENT_TEAM = "";
				GENERATE_INFOPLIST_FILE = NO;
				INFOPLIST_FILE = FocusFrogWidget/Info.plist;
				LD_RUNPATH_SEARCH_PATHS = (
					"$(inherited)",
					"@executable_path/../Frameworks",
					"@executable_path/../../../../Frameworks",
				);
				MACOSX_DEPLOYMENT_TARGET = 14.0;
				PRODUCT_BUNDLE_IDENTIFIER = dev.focusfrog.native.widget;
				PRODUCT_NAME = FocusFrogWidgetExtension;
				SKIP_INSTALL = YES;
				SWIFT_EMIT_LOC_STRINGS = YES;
				SWIFT_VERSION = 5.0;
			};
			name = Debug;
		};
		8F0000010000000000000406 /* Release */ = {
			isa = XCBuildConfiguration;
			buildSettings = {
				CODE_SIGN_ENTITLEMENTS = FocusFrogWidget/FocusFrogWidget.entitlements;
				CODE_SIGN_STYLE = Automatic;
				DEVELOPMENT_TEAM = "";
				GENERATE_INFOPLIST_FILE = NO;
				INFOPLIST_FILE = FocusFrogWidget/Info.plist;
				LD_RUNPATH_SEARCH_PATHS = (
					"$(inherited)",
					"@executable_path/../Frameworks",
					"@executable_path/../../../../Frameworks",
				);
				MACOSX_DEPLOYMENT_TARGET = 14.0;
				PRODUCT_BUNDLE_IDENTIFIER = dev.focusfrog.native.widget;
				PRODUCT_NAME = FocusFrogWidgetExtension;
				SKIP_INSTALL = YES;
				SWIFT_EMIT_LOC_STRINGS = YES;
				SWIFT_VERSION = 5.0;
			};
			name = Release;
		};
/* End XCBuildConfiguration section */

/* Begin XCConfigurationList section */
		8F0000010000000000000500 /* Build configuration list for PBXProject "FocusFrogNative" */ = {
			isa = XCConfigurationList;
			buildConfigurations = (
				8F0000010000000000000401 /* Debug */,
				8F0000010000000000000402 /* Release */,
			);
			defaultConfigurationIsVisible = 0;
			defaultConfigurationName = Release;
		};
		8F0000010000000000000501 /* Build configuration list for PBXNativeTarget "FocusFrogNative" */ = {
			isa = XCConfigurationList;
			buildConfigurations = (
				8F0000010000000000000403 /* Debug */,
				8F0000010000000000000404 /* Release */,
			);
			defaultConfigurationIsVisible = 0;
			defaultConfigurationName = Release;
		};
		8F0000010000000000000502 /* Build configuration list for PBXNativeTarget "FocusFrogWidgetExtension" */ = {
			isa = XCConfigurationList;
			buildConfigurations = (
				8F0000010000000000000405 /* Debug */,
				8F0000010000000000000406 /* Release */,
			);
			defaultConfigurationIsVisible = 0;
			defaultConfigurationName = Release;
		};
/* End XCConfigurationList section */
	};
	rootObject = 8F0000010000000000000100 /* Project object */;
}
